
Microsoft Visual Studio Solution File, Format Version 12.00
# Visual Studio Version 16
VisualStudioVersion = 16.0.33328.57
MinimumVisualStudioVersion = 10.0.40219.1
Project("{FAE04EC0-301F-11D3-BF4B-00C04F79EFBC}") = "BinMultiCopy", "BinMultiCopy.csproj", "{89E5F674-AB98-461A-9267-3D48B1A24D24}"
EndProject
Global
	GlobalSection(SolutionConfigurationPlatforms) = preSolution
		Debug|Any CPU = Debug|Any CPU
		Release|Any CPU = Release|Any CPU
	EndGlobalSection
	GlobalSection(ProjectConfigurationPlatforms) = postSolution
		{89E5F674-AB98-461A-9267-3D48B1A24D24}.Debug|Any CPU.ActiveCfg = Debug|Any CPU
		{89E5F674-AB98-461A-9267-3D48B1A24D24}.Debug|Any CPU.Build.0 = Debug|Any CPU
		{89E5F674-AB98-461A-9267-3D48B1A24D24}.Release|Any CPU.ActiveCfg = Release|Any CPU
		{89E5F674-AB98-461A-9267-3D48B1A24D24}.Release|Any CPU.Build.0 = Release|Any CPU
	EndGlobalSection
	GlobalSection(SolutionProperties) = preSolution
		HideSolutionNode = FALSE
	EndGlobalSection
	GlobalSection(ExtensibilityGlobals) = postSolution
		SolutionGuid = {E994B18B-B651-42D7-B31F-57C5D270AA8F}
	EndGlobalSection
EndGlobal
